
Microsoft Visual Studio Solution File, Format Version 12.00
# Visual Studio Version 17
VisualStudioVersion = 17.5.33516.290
MinimumVisualStudioVersion = 10.0.40219.1
Project("{FAE04EC0-301F-11D3-BF4B-00C04F79EFBC}") = "Basket.API", "src\Services\Basket.API\Basket.API.csproj", "{469FA548-CBC5-490E-8FED-C53383ABB723}"
EndProject
Project("{FAE04EC0-301F-11D3-BF4B-00C04F79EFBC}") = "Catalog.API", "src\Services\Catalog.API\Catalog.API.csproj", "{F47C5204-F4DB-4C97-A839-A0D0751369B3}"
EndProject
Project("{FAE04EC0-301F-11D3-BF4B-00C04F79EFBC}") = "Discount.API", "src\Services\Discount.API\Discount.API.csproj", "{0A162CAD-D844-44E6-881C-B2A4018736A1}"
EndProject
Global
	GlobalSection(SolutionProperties) = preSolution
		HideSolutionNode = FALSE
	EndGlobalSection
	GlobalSection(ExtensibilityGlobals) = postSolution
		SolutionGuid = {306524C7-15C6-43DC-B974-2E5D4DB88167}
	EndGlobalSection
	GlobalSection(ProjectConfigurationPlatforms) = postSolution
		{469FA548-CBC5-490E-8FED-C53383ABB723}.Debug|Any CPU.ActiveCfg = Debug|Any CPU
		{469FA548-CBC5-490E-8FED-C53383ABB723}.Debug|Any CPU.Build.0 = Debug|Any CPU
		{F47C5204-F4DB-4C97-A839-A0D0751369B3}.Debug|Any CPU.ActiveCfg = Debug|Any CPU
		{F47C5204-F4DB-4C97-A839-A0D0751369B3}.Debug|Any CPU.Build.0 = Debug|Any CPU
		{0A162CAD-D844-44E6-881C-B2A4018736A1}.Debug|Any CPU.ActiveCfg = Debug|Any CPU
		{0A162CAD-D844-44E6-881C-B2A4018736A1}.Debug|Any CPU.Build.0 = Debug|Any CPU
	EndGlobalSection
	GlobalSection(SolutionConfigurationPlatforms) = preSolution
		Debug|Any CPU = Debug|Any CPU
	EndGlobalSection
EndGlobal
